
Microsoft Visual Studio Solution File, Format Version 12.00
# Visual Studio Version 17
VisualStudioVersion = 17.0.32014.148
MinimumVisualStudioVersion = 10.0.40219.1
Project("{FAE04EC0-301F-11D3-BF4B-00C04F79EFBC}") = "SinemaBufeSatisUyg", "SinemaBufeSatisUyg\SinemaBufeSatisUyg.csproj", "{483A686D-5171-4191-9708-57E91B8FDB8D}"
EndProject
Global
	GlobalSection(SolutionConfigurationPlatforms) = preSolution
		Debug|Any CPU = Debug|Any CPU
		Release|Any CPU = Release|Any CPU
	EndGlobalSection
	GlobalSection(ProjectConfigurationPlatforms) = postSolution
		{483A686D-5171-4191-9708-57E91B8FDB8D}.Debug|Any CPU.ActiveCfg = Debug|Any CPU
		{483A686D-5171-4191-9708-57E91B8FDB8D}.Debug|Any CPU.Build.0 = Debug|Any CPU
		{483A686D-5171-4191-9708-57E91B8FDB8D}.Release|Any CPU.ActiveCfg = Release|Any CPU
		{483A686D-5171-4191-9708-57E91B8FDB8D}.Release|Any CPU.Build.0 = Release|Any CPU
	EndGlobalSection
	GlobalSection(SolutionProperties) = preSolution
		HideSolutionNode = FALSE
	EndGlobalSection
	GlobalSection(ExtensibilityGlobals) = postSolution
		SolutionGuid = {F67E3645-68F4-4B0E-B500-A7E9462E3F9D}
	EndGlobalSection
EndGlobal
